Microsoft Visual Studio Solution File, Format Version 12.00
# Visual Studio Version 16
VisualStudioVersion = 16.0.30503.244
MinimumVisualStudioVersion = 10.0.40219.1
Project("{FAE04EC0-301F-11D3-BF4B-00C04F79EFBC}") = "SelfHostServer", "SelfHostServer\SelfHostServer.csproj", "{1F39EBFB-8EFD-4664-80E2-9D8EC5AEF5E3}"
EndProject
Global
	GlobalSection(SolutionConfigurationPlatforms) = preSolution
		Debug|anycpu = Debug|anycpu
		Release|anycpu = Release|anycpu
	EndGlobalSection
	GlobalSection(ProjectConfigurationPlatforms) = postSolution
		{1F39EBFB-8EFD-4664-80E2-9D8EC5AEF5E3}.Debug|anycpu.ActiveCfg = Debug|anycpu
		{1F39EBFB-8EFD-4664-80E2-9D8EC5AEF5E3}.Debug|anycpu.Build.0 = Debug|anycpu
		{1F39EBFB-8EFD-4664-80E2-9D8EC5AEF5E3}.Release|anycpu.ActiveCfg = Release|Any CPU
		{1F39EBFB-8EFD-4664-80E2-9D8EC5AEF5E3}.Release|anycpu.Build.0 = Release|Any CPU
	EndGlobalSection
	GlobalSection(SolutionProperties) = preSolution
		HideSolutionNode = FALSE
	EndGlobalSection
	GlobalSection(ExtensibilityGlobals) = postSolution
		SolutionGuid = {25435EB6-B506-4B43-92FD-CDF161E1D348}
	EndGlobalSection
EndGlobal
